
Microsoft Visual Studio Solution File, Format Version 12.00
# Visual Studio Version 16
VisualStudioVersion = 16.0.30907.101
MinimumVisualStudioVersion = 10.0.40219.1
Project("{FAE04EC0-301F-11D3-BF4B-00C04F79EFBC}") = "Social Network", "Social Network\Social Network.csproj", "{DC2A6980-1B75-45A2-8723-53B65A3A7C3E}"
EndProject
Global
	GlobalSection(SolutionConfigurationPlatforms) = preSolution
		Debug|Any CPU = Debug|Any CPU
		Release|Any CPU = Release|Any CPU
	EndGlobalSection
	GlobalSection(ProjectConfigurationPlatforms) = postSolution
		{DC2A6980-1B75-45A2-8723-53B65A3A7C3E}.Debug|Any CPU.ActiveCfg = Debug|Any CPU
		{DC2A6980-1B75-45A2-8723-53B65A3A7C3E}.Debug|Any CPU.Build.0 = Debug|Any CPU
		{DC2A6980-1B75-45A2-8723-53B65A3A7C3E}.Release|Any CPU.ActiveCfg = Release|Any CPU
		{DC2A6980-1B75-45A2-8723-53B65A3A7C3E}.Release|Any CPU.Build.0 = Release|Any CPU
	EndGlobalSection
	GlobalSection(SolutionProperties) = preSolution
		HideSolutionNode = FALSE
	EndGlobalSection
	GlobalSection(ExtensibilityGlobals) = postSolution
		SolutionGuid = {C091FAEC-4CA7-4EAB-AABE-8E912D786DF8}
	EndGlobalSection
EndGlobal
